
Microsoft Visual Studio Solution File, Format Version 12.00
# Visual Studio 15
VisualStudioVersion = 15.0.28010.0
MinimumVisualStudioVersion = 10.0.40219.1
Project("{FAE04EC0-301F-11D3-BF4B-00C04F79EFBC}") = "EsahaEdApi", "EsahaEdApi\EsahaEdApi.csproj", "{1082AA28-6B19-405B-A444-7A2451B30D5D}"
EndProject
Global
	GlobalSection(SolutionConfigurationPlatforms) = preSolution
		Debug|Any CPU = Debug|Any CPU
		Release|Any CPU = Release|Any CPU
	EndGlobalSection
	GlobalSection(ProjectConfigurationPlatforms) = postSolution
		{1082AA28-6B19-405B-A444-7A2451B30D5D}.Debug|Any CPU.ActiveCfg = Debug|Any CPU
		{1082AA28-6B19-405B-A444-7A2451B30D5D}.Debug|Any CPU.Build.0 = Debug|Any CPU
		{1082AA28-6B19-405B-A444-7A2451B30D5D}.Release|Any CPU.ActiveCfg = Release|Any CPU
		{1082AA28-6B19-405B-A444-7A2451B30D5D}.Release|Any CPU.Build.0 = Release|Any CPU
	EndGlobalSection
	GlobalSection(SolutionProperties) = preSolution
		HideSolutionNode = FALSE
	EndGlobalSection
	GlobalSection(ExtensibilityGlobals) = postSolution
		SolutionGuid = {F9DA4CE8-6651-4070-B9E5-F09E15974AB7}
	EndGlobalSection
EndGlobal
